Microsoft Visual Studio Solution File, Format Version 12.00
# Visual Studio Version 17
VisualStudioVersion = 17.5.2.0
MinimumVisualStudioVersion = 10.0.40219.1
Project("{FAE04EC0-301F-11D3-BF4B-00C04F79EFBC}") = "SistemaBiblioteca", "SistemaBiblioteca\SistemaBiblioteca.csproj", "{4305C142-4C03-2CFB-3222-7AB4563A10CA}"
EndProject
Global
	GlobalSection(SolutionConfigurationPlatforms) = preSolution
		Debug|Any CPU = Debug|Any CPU
		Release|Any CPU = Release|Any CPU
	EndGlobalSection
	GlobalSection(ProjectConfigurationPlatforms) = postSolution
		{4305C142-4C03-2CFB-3222-7AB4563A10CA}.Debug|Any CPU.ActiveCfg = Debug|Any CPU
		{4305C142-4C03-2CFB-3222-7AB4563A10CA}.Debug|Any CPU.Build.0 = Debug|Any CPU
		{4305C142-4C03-2CFB-3222-7AB4563A10CA}.Release|Any CPU.ActiveCfg = Release|Any CPU
		{4305C142-4C03-2CFB-3222-7AB4563A10CA}.Release|Any CPU.Build.0 = Release|Any CPU
	EndGlobalSection
	GlobalSection(SolutionProperties) = preSolution
		HideSolutionNode = FALSE
	EndGlobalSection
	GlobalSection(ExtensibilityGlobals) = postSolution
		SolutionGuid = {BBCE320F-EDAD-4399-A178-F87BD5D3323A}
	EndGlobalSection
EndGlobal
